
Microsoft Visual Studio Solution File, Format Version 12.00
# Visual Studio Version 17
VisualStudioVersion = 17.11.35219.272
MinimumVisualStudioVersion = 10.0.40219.1
Project("{8BC9CEB8-8B4A-11D0-8D11-00A0C91BC942}") = "MathsLibrary", "MathsLibrary\MathsLibrary.vcxproj", "{5016EAEC-97DB-489E-B0A9-89BCCE6AA456}"
EndProject
Project("{8BC9CEB8-8B4A-11D0-8D11-00A0C91BC942}") = "MathClient", "MathClient\MathClient.vcxproj", "{3F209C1D-B233-424F-BA85-38D66B7CF04F}"
EndProject
Global
	GlobalSection(SolutionConfigurationPlatforms) = preSolution
		Debug|x64 = Debug|x64
		Debug|x86 = Debug|x86
		Release|x64 = Release|x64
		Release|x86 = Release|x86
	EndGlobalSection
	GlobalSection(ProjectConfigurationPlatforms) = postSolution
		{5016EAEC-97DB-489E-B0A9-89BCCE6AA456}.Debug|x64.ActiveCfg = Debug|x64
		{5016EAEC-97DB-489E-B0A9-89BCCE6AA456}.Debug|x64.Build.0 = Debug|x64
		{5016EAEC-97DB-489E-B0A9-89BCCE6AA456}.Debug|x86.ActiveCfg = Debug|Win32
		{5016EAEC-97DB-489E-B0A9-89BCCE6AA456}.Debug|x86.Build.0 = Debug|Win32
		{5016EAEC-97DB-489E-B0A9-89BCCE6AA456}.Release|x64.ActiveCfg = Release|x64
		{5016EAEC-97DB-489E-B0A9-89BCCE6AA456}.Release|x64.Build.0 = Release|x64
		{5016EAEC-97DB-489E-B0A9-89BCCE6AA456}.Release|x86.ActiveCfg = Release|Win32
		{5016EAEC-97DB-489E-B0A9-89BCCE6AA456}.Release|x86.Build.0 = Release|Win32
		{3F209C1D-B233-424F-BA85-38D66B7CF04F}.Debug|x64.ActiveCfg = Debug|x64
		{3F209C1D-B233-424F-BA85-38D66B7CF04F}.Debug|x64.Build.0 = Debug|x64
		{3F209C1D-B233-424F-BA85-38D66B7CF04F}.Debug|x86.ActiveCfg = Debug|Win32
		{3F209C1D-B233-424F-BA85-38D66B7CF04F}.Debug|x86.Build.0 = Debug|Win32
		{3F209C1D-B233-424F-BA85-38D66B7CF04F}.Release|x64.ActiveCfg = Release|x64
		{3F209C1D-B233-424F-BA85-38D66B7CF04F}.Release|x64.Build.0 = Release|x64
		{3F209C1D-B233-424F-BA85-38D66B7CF04F}.Release|x86.ActiveCfg = Release|Win32
		{3F209C1D-B233-424F-BA85-38D66B7CF04F}.Release|x86.Build.0 = Release|Win32
	EndGlobalSection
	GlobalSection(SolutionProperties) = preSolution
		HideSolutionNode = FALSE
	EndGlobalSection
	GlobalSection(ExtensibilityGlobals) = postSolution
		SolutionGuid = {E4F2CD5E-5FD5-4F03-B30C-FDFAC14CD643}
	EndGlobalSection
EndGlobal
